
Microsoft Visual Studio Solution File, Format Version 12.00
# Visual Studio 15
VisualStudioVersion = 15.0.26730.12
MinimumVisualStudioVersion = 10.0.40219.1
Project("{8BC9CEB8-8B4A-11D0-8D11-00A0C91BC942}") = "Zivid_ZividTwoM70_MXSP5", "Zivid_ZividTwoM70_MXSP5.vcxproj", "{A3A6B20F-FA81-4BA8-82D6-24724AE0A3FA}"
EndProject
Global
	GlobalSection(SolutionConfigurationPlatforms) = preSolution
		Debug|Win32 = Debug|Win32
		Debug|x64 = Debug|x64
		Release|Win32 = Release|Win32
		Release|x64 = Release|x64
	EndGlobalSection
	GlobalSection(ProjectConfigurationPlatforms) = postSolution
		{A3A6B20F-FA81-4BA8-82D6-24724AE0A3FA}.Debug|Win32.ActiveCfg = Debug|Win32
		{A3A6B20F-FA81-4BA8-82D6-24724AE0A3FA}.Debug|Win32.Build.0 = Debug|Win32
		{A3A6B20F-FA81-4BA8-82D6-24724AE0A3FA}.Debug|x64.ActiveCfg = Debug|x64
		{A3A6B20F-FA81-4BA8-82D6-24724AE0A3FA}.Debug|x64.Build.0 = Debug|x64
		{A3A6B20F-FA81-4BA8-82D6-24724AE0A3FA}.Release|Win32.ActiveCfg = Release|Win32
		{A3A6B20F-FA81-4BA8-82D6-24724AE0A3FA}.Release|Win32.Build.0 = Release|Win32
		{A3A6B20F-FA81-4BA8-82D6-24724AE0A3FA}.Release|x64.ActiveCfg = Release|x64
		{A3A6B20F-FA81-4BA8-82D6-24724AE0A3FA}.Release|x64.Build.0 = Release|x64
	EndGlobalSection
	GlobalSection(SolutionProperties) = preSolution
		HideSolutionNode = FALSE
	EndGlobalSection
	GlobalSection(ExtensibilityGlobals) = postSolution
		SolutionGuid = {C35DE774-7240-4701-88F3-1BFAC4D0D1E4}
	EndGlobalSection
EndGlobal
